
Microsoft Visual Studio Solution File, Format Version 12.00
# Visual Studio Version 16
VisualStudioVersion = 16.0.30503.244
MinimumVisualStudioVersion = 10.0.40219.1
Project("{8BC9CEB8-8B4A-11D0-8D11-00A0C91BC942}") = "Asgnmt6", "Asgnmt6\Asgnmt6.vcxproj", "{76D80E6F-5CF8-4ADC-8703-E2B21AF18002}"
EndProject
Global
	GlobalSection(SolutionConfigurationPlatforms) = preSolution
		Debug|x64 = Debug|x64
		Debug|x86 = Debug|x86
		Release|x64 = Release|x64
		Release|x86 = Release|x86
	EndGlobalSection
	GlobalSection(ProjectConfigurationPlatforms) = postSolution
		{76D80E6F-5CF8-4ADC-8703-E2B21AF18002}.Debug|x64.ActiveCfg = Debug|x64
		{76D80E6F-5CF8-4ADC-8703-E2B21AF18002}.Debug|x64.Build.0 = Debug|x64
		{76D80E6F-5CF8-4ADC-8703-E2B21AF18002}.Debug|x86.ActiveCfg = Debug|Win32
		{76D80E6F-5CF8-4ADC-8703-E2B21AF18002}.Debug|x86.Build.0 = Debug|Win32
		{76D80E6F-5CF8-4ADC-8703-E2B21AF18002}.Release|x64.ActiveCfg = Release|x64
		{76D80E6F-5CF8-4ADC-8703-E2B21AF18002}.Release|x64.Build.0 = Release|x64
		{76D80E6F-5CF8-4ADC-8703-E2B21AF18002}.Release|x86.ActiveCfg = Release|Win32
		{76D80E6F-5CF8-4ADC-8703-E2B21AF18002}.Release|x86.Build.0 = Release|Win32
	EndGlobalSection
	GlobalSection(SolutionProperties) = preSolution
		HideSolutionNode = FALSE
	EndGlobalSection
	GlobalSection(ExtensibilityGlobals) = postSolution
		SolutionGuid = {F47DEDBC-F760-4477-BD53-EC5A7E21D55F}
	EndGlobalSection
EndGlobal
